# THIS IS AN AUTOGENERATED FILE. DO NOT EDIT THIS FILE DIRECTLY.
# yarn lockfile v1


tsparticles-engine@^2.9.3:
  version "2.9.3"
  resolved "https://registry.yarnpkg.com/tsparticles-engine/-/tsparticles-engine-2.9.3.tgz#c521edd951df2520bd0a8aa76dbbe1b0b183094a"
  integrity sha512-iAD8LyRH//kx10fDMm6AfQV6dRHs1ZacUUHqVwfutcqM4x1IV2ygpjk0X87LKCnBxYeIMG78+tlxXpnpwUccOg==
